{
  "requires": true,
  "lockfileVersion": 1,
  "dependencies": {
    "immutable": {
      "version": "4.0.0-rc.12",
      "resolved": "https://registry.npmjs.org/immutable/-/immutable-4.0.0-rc.12.tgz",
      "integrity": "sha512-0M2XxkZLx/mi3t8NVwIm1g8nHoEmM9p9UBl/G9k4+hm0kBgOVdMV/B3CY5dQ8qG8qc80NN4gDV4HQv6FTJ5q7A=="
    },
    "monet": {
      "version": "0.9.2",
      "resolved": "https://registry.npmjs.org/monet/-/monet-0.9.2.tgz",
      "integrity": "sha512-1InBkZov47As5vn2zyp5mMysip1627Bj0z1yCJyWegeAOnwKOWmIzBd+4tx7ajrALoZdtgx7L0qVwSBP6J7FRQ=="
    }
  }
}
